
Microsoft Visual Studio Solution File, Format Version 12.00
# Visual Studio 2013
VisualStudioVersion = 12.0.30324.0
MinimumVisualStudioVersion = 10.0.40219.1
Project("{E24C65DC-7377-472B-9ABA-BC803B73C61A}") = "dojo-boilerplate", ".", "{6C088323-BD3A-4230-990A-9FB21201BACE}"
	ProjectSection(WebsiteProperties) = preProject
		TargetFrameworkMoniker = ".NETFramework,Version%3Dv4.0"
		Debug.AspNetCompiler.VirtualPath = "/localhost_1733"
		Debug.AspNetCompiler.PhysicalPath = "..\dojo-boilerplate\"
		Debug.AspNetCompiler.TargetPath = "PrecompiledWeb\localhost_1733\"
		Debug.AspNetCompiler.Updateable = "true"
		Debug.AspNetCompiler.ForceOverwrite = "true"
		Debug.AspNetCompiler.FixedNames = "false"
		Debug.AspNetCompiler.Debug = "True"
		Release.AspNetCompiler.VirtualPath = "/localhost_1733"
		Release.AspNetCompiler.PhysicalPath = "..\dojo-boilerplate\"
		Release.AspNetCompiler.TargetPath = "PrecompiledWeb\localhost_1733\"
		Release.AspNetCompiler.Updateable = "true"
		Release.AspNetCompiler.ForceOverwrite = "true"
		Release.AspNetCompiler.FixedNames = "false"
		Release.AspNetCompiler.Debug = "False"
		VWDPort = "1733"
		SlnRelativePath = "..\dojo-boilerplate\"
	EndProjectSection
EndProject
Global
	GlobalSection(SolutionConfigurationPlatforms) = preSolution
		Debug|Any CPU = Debug|Any CPU
	EndGlobalSection
	GlobalSection(ProjectConfigurationPlatforms) = postSolution
		{6C088323-BD3A-4230-990A-9FB21201BACE}.Debug|Any CPU.ActiveCfg = Debug|Any CPU
		{6C088323-BD3A-4230-990A-9FB21201BACE}.Debug|Any CPU.Build.0 = Debug|Any CPU
	EndGlobalSection
	GlobalSection(SolutionProperties) = preSolution
		HideSolutionNode = FALSE
	EndGlobalSection
EndGlobal
